
Microsoft Visual Studio Solution File, Format Version 12.00
# Visual Studio Version 17
VisualStudioVersion = 17.14.36717.8
MinimumVisualStudioVersion = 10.0.40219.1
Project("{FAE04EC0-301F-11D3-BF4B-00C04F79EFBC}") = "Samples", "..\Tests\Samples\Samples.csproj", "{02DA3730-C593-465C-647B-88204262FD5E}"
EndProject
Project("{FAE04EC0-301F-11D3-BF4B-00C04F79EFBC}") = "WebApp", "..\Tests\WebApp\WebApp.csproj", "{AC485522-609A-DBBB-9928-B51E0B472107}"
EndProject
Global
	GlobalSection(SolutionConfigurationPlatforms) = preSolution
		Debug|Any CPU = Debug|Any CPU
		Release|Any CPU = Release|Any CPU
	EndGlobalSection
	GlobalSection(ProjectConfigurationPlatforms) = postSolution
		{02DA3730-C593-465C-647B-88204262FD5E}.Debug|Any CPU.ActiveCfg = Debug|Any CPU
		{02DA3730-C593-465C-647B-88204262FD5E}.Debug|Any CPU.Build.0 = Debug|Any CPU
		{02DA3730-C593-465C-647B-88204262FD5E}.Release|Any CPU.ActiveCfg = Release|Any CPU
		{02DA3730-C593-465C-647B-88204262FD5E}.Release|Any CPU.Build.0 = Release|Any CPU
		{AC485522-609A-DBBB-9928-B51E0B472107}.Debug|Any CPU.ActiveCfg = Debug|Any CPU
		{AC485522-609A-DBBB-9928-B51E0B472107}.Debug|Any CPU.Build.0 = Debug|Any CPU
		{AC485522-609A-DBBB-9928-B51E0B472107}.Release|Any CPU.ActiveCfg = Release|Any CPU
		{AC485522-609A-DBBB-9928-B51E0B472107}.Release|Any CPU.Build.0 = Release|Any CPU
	EndGlobalSection
	GlobalSection(SolutionProperties) = preSolution
		HideSolutionNode = FALSE
	EndGlobalSection
	GlobalSection(ExtensibilityGlobals) = postSolution
		SolutionGuid = {F9BE8F16-2F4D-48BB-9E34-E5A9AE3ABF60}
	EndGlobalSection
EndGlobal
